{
  "name": "vue-json-excel",
  "version": "0.2.95",
  "lockfileVersion": 1,
  "requires": true,
  "dependencies": {
    "downloadjs": {
      "version": "1.4.7",
      "resolved": "https://registry.npmjs.org/downloadjs/-/downloadjs-1.4.7.tgz",
      "integrity": "sha1-9p+W+UDg0FU9rCkROYZaPNAQHjw="
    },
    "encoding-japanese": {
      "version": "1.0.29",
      "resolved": "https://registry.npmjs.org/encoding-japanese/-/encoding-japanese-1.0.29.tgz",
      "integrity": "sha1-9m2xfyr6rfmji2sCJ8DId9LyxbE="
    }
  }
}
